
Microsoft Visual Studio Solution File, Format Version 12.00
# Visual Studio Version 16
VisualStudioVersion = 16.0.29215.179
MinimumVisualStudioVersion = 10.0.40219.1
Project("{FAE04EC0-301F-11D3-BF4B-00C04F79EFBC}") = "IntegrationService", "WebApplication4\IntegrationService.csproj", "{C5DCEA15-FFB8-40A7-BC5E-3268D4D0BCD3}"
EndProject
Global
	GlobalSection(SolutionConfigurationPlatforms) = preSolution
		Debug|Any CPU = Debug|Any CPU
		Release|Any CPU = Release|Any CPU
	EndGlobalSection
	GlobalSection(ProjectConfigurationPlatforms) = postSolution
		{C5DCEA15-FFB8-40A7-BC5E-3268D4D0BCD3}.Debug|Any CPU.ActiveCfg = Debug|Any CPU
		{C5DCEA15-FFB8-40A7-BC5E-3268D4D0BCD3}.Debug|Any CPU.Build.0 = Debug|Any CPU
		{C5DCEA15-FFB8-40A7-BC5E-3268D4D0BCD3}.Release|Any CPU.ActiveCfg = Release|Any CPU
		{C5DCEA15-FFB8-40A7-BC5E-3268D4D0BCD3}.Release|Any CPU.Build.0 = Release|Any CPU
	EndGlobalSection
	GlobalSection(SolutionProperties) = preSolution
		HideSolutionNode = FALSE
	EndGlobalSection
	GlobalSection(ExtensibilityGlobals) = postSolution
		SolutionGuid = {70F0B7CF-5903-4887-9BC8-57E0E664AB11}
	EndGlobalSection
EndGlobal
